// !$*UTF8*$!
{
	archiveVersion = 1;
	classes = {
	};
	objectVersion = 46;
	objects = {

/* Begin PBXBuildFile section */
		AFC697571CAC249F00E18C42 /* main.m in Sources */ = {isa = PBXBuildFile; fileRef = AFC697561CAC249F00E18C42 /* main.m */; };
		AFC6975A1CAC249F00E18C42 /* AppDelegate.m in Sources */ = {isa = PBXBuildFile; fileRef = AFC697591CAC249F00E18C42 /* AppDelegate.m */; };
		AFC6975D1CAC249F00E18C42 /* ViewController.m in Sources */ = {isa = PBXBuildFile; fileRef = AFC6975C1CAC249F00E18C42 /* ViewController.m */; };
		AFC697601CAC249F00E18C42 /* Main.storyboard in Resources */ = {isa = PBXBuildFile; fileRef = AFC6975E1CAC249F00E18C42 /* Main.storyboard */; };
		AFC697621CAC249F00E18C42 /* Assets.xcassets in Resources */ = {isa = PBXBuildFile; fileRef = AFC697611CAC249F00E18C42 /* Assets.xcassets */; };
		AFC697651CAC249F00E18C42 /* LaunchScreen.storyboard in Resources */ = {isa = PBXBuildFile; fileRef = AFC697631CAC249F00E18C42 /* LaunchScreen.storyboard */; };
/* End PBXBuildFile section */

/* Begin PBXFileReference section */
		AFC697521CAC249F00E18C42 /* MultipleStoryboards.app */ = {isa = PBXFileReference; explicitFileType = wrapper.application; includeInIndex = 0; path = MultipleStoryboards.app; sourceTree = BUILT_PRODUCTS_DIR; };
		AFC697561CAC249F00E18C42 /* main.m */ = {isa = PBXFileReference; lastKnownFileType = sourcecode.c.objc; path = main.m; sourceTree = "<group>"; };
		AFC697581CAC249F00E18C42 /* AppDelegate.h */ = {isa = PBXFileReference; lastKnownFileType = sourcecode.c.h; path = AppDelegate.h; sourceTree = "<group>"; };
		AFC697591CAC249F00E18C42 /* AppDelegate.m */ = {isa = PBXFileReference; lastKnownFileType = sourcecode.c.objc; path = AppDelegate.m; sourceTree = "<group>"; };
		AFC6975B1CAC249F00E18C42 /* ViewController.h */ = {isa = PBXFileReference; lastKnownFileType = sourcecode.c.h; path = ViewController.h; sourceTree = "<group>"; };
		AFC6975C1CAC249F00E18C42 /* ViewController.m */ = {isa = PBXFileReference; lastKnownFileType = sourcecode.c.objc; path = ViewController.m; sourceTree = "<group>"; };
		AFC6975F1CAC249F00E18C42 /* Base */ = {isa = PBXFileReference; lastKnownFileType = file.storyboard; name = Base; path = Base.lproj/Main.storyboard; sourceTree = "<group>"; };
		AFC697611CAC249F00E18C42 /* Assets.xcassets */ = {isa = PBXFileReference; lastKnownFileType = folder.assetcatalog; path = Assets.xcassets; sourceTree = "<group>"; };
		AFC697641CAC249F00E18C42 /* Base */ = {isa = PBXFileReference; lastKnownFileType = file.storyboard; name = Base; path = Base.lproj/LaunchScreen.storyboard; sourceTree = "<group>"; };
		AFC697661CAC249F00E18C42 /* Info.plist */ = {isa = PBXFileReference; lastKnownFileType = text.plist.xml; path = Info.plist; sourceTree = "<group>"; };
/* End PBXFileReference section */

/* Begin PBXFrameworksBuildPhase section */
		AFC6974F1CAC249F00E18C42 /* Frameworks */ = {
			isa = PBXFrameworksBuildPhase;
			buildActionMask = 2147483647;
			files = (
			);
			runOnlyForDeploymentPostprocessing = 0;
		};
/* End PBXFrameworksBuildPhase section */

/* Begin PBXGroup section */
		AFC697491CAC249F00E18C42 = {
			isa = PBXGroup;
			children = (
				AFC697541CAC249F00E18C42 /* MultipleStoryboards */,
				AFC697531CAC249F00E18C42 /* Products */,
			);
			sourceTree = "<group>";
		};
		AFC697531CAC249F00E18C42 /* Products */ = {
			isa = PBXGroup;
			children = (
				AFC697521CAC249F00E18C42 /* MultipleStoryboards.app */,
			);
			name = Products;
			sourceTree = "<group>";
		};
		AFC697541CAC249F00E18C42 /* MultipleStoryboards */ = {
			isa = PBXGroup;
			children = (
				AFC697581CAC249F00E18C42 /* AppDelegate.h */,
				AFC697591CAC249F00E18C42 /* AppDelegate.m */,
				AFC6975B1CAC249F00E18C42 /* ViewController.h */,
				AFC6975C1CAC249F00E18C42 /* ViewController.m */,
				AFC6975E1CAC249F00E18C42 /* Main.storyboard */,
				AFC697611CAC249F00E18C42 /* Assets.xcassets */,
				AFC697631CAC249F00E18C42 /* LaunchScreen.storyboard */,
				AFC697661CAC249F00E18C42 /* Info.plist */,
				AFC697551CAC249F00E18C42 /* Supporting Files */,
			);
			path = MultipleStoryboards;
			sourceTree = "<group>";
		};
		AFC697551CAC249F00E18C42 /* Supporting Files */ = {
			isa = PBXGroup;
			children = (
				AFC697561CAC249F00E18C42 /* main.m */,
			);
			name = "Supporting Files";
			sourceTree = "<group>";
		};
/* End PBXGroup section */

/* Begin PBXNativeTarget section */
		AFC697511CAC249F00E18C42 /* MultipleStoryboards */ = {
			isa = PBXNativeTarget;
			buildConfigurationList = AFC697691CAC249F00E18C42 /* Build configuration list for PBXNativeTarget "MultipleStoryboards" */;
			buildPhases = (
				AFC6974E1CAC249F00E18C42 /* Sources */,
				AFC6974F1CAC249F00E18C42 /* Frameworks */,
				AFC697501CAC249F00E18C42 /* Resources */,
			);
			buildRules = (
			);
			dependencies = (
			);
			name = MultipleStoryboards;
			productName = MultipleStoryboards;
			productReference = AFC697521CAC249F00E18C42 /* MultipleStoryboards.app */;
			productType = "com.apple.product-type.application";
		};
/* End PBXNativeTarget section */

/* Begin PBXProject section */
		AFC6974A1CAC249F00E18C42 /* Project object */ = {
			isa = PBXProject;
			attributes = {
				LastUpgradeCheck = 0730;
				ORGANIZATIONNAME = "Lacey Vu";
				TargetAttributes = {
					AFC697511CAC249F00E18C42 = {
						CreatedOnToolsVersion = 7.3;
					};
				};
			};
			buildConfigurationList = AFC6974D1CAC249F00E18C42 /* Build configuration list for PBXProject "MultipleStoryboards" */;
			compatibilityVersion = "Xcode 3.2";
			developmentRegion = English;
			hasScannedForEncodings = 0;
			knownRegions = (
				en,
				Base,
			);
			mainGroup = AFC697491CAC249F00E18C42;
			productRefGroup = AFC697531CAC249F00E18C42 /* Products */;
			projectDirPath = "";
			projectRoot = "";
			targets = (
				AFC697511CAC249F00E18C42 /* MultipleStoryboards */,
			);
		};
/* End PBXProject section */

/* Begin PBXResourcesBuildPhase section */
		AFC697501CAC249F00E18C42 /* Resources */ = {
			isa = PBXResourcesBuildPhase;
			buildActionMask = 2147483647;
			files = (
				AFC697651CAC249F00E18C42 /* LaunchScreen.storyboard in Resources */,
				AFC697621CAC249F00E18C42 /* Assets.xcassets in Resources */,
				AFC697601CAC249F00E18C42 /* Main.storyboard in Resources */,
			);
			runOnlyForDeploymentPostprocessing = 0;
		};
/* End PBXResourcesBuildPhase section */

/* Begin PBXSourcesBuildPhase section */
		AFC6974E1CAC249F00E18C42 /* Sources */ = {
			isa = PBXSourcesBuildPhase;
			buildActionMask = 2147483647;
			files = (
				AFC6975D1CAC249F00E18C42 /* ViewController.m in Sources */,
				AFC6975A1CAC249F00E18C42 /* AppDelegate.m in Sources */,
				AFC697571CAC249F00E18C42 /* main.m in Sources */,
			);
			runOnlyForDeploymentPostprocessing = 0;
		};
/* End PBXSourcesBuildPhase section */

/* Begin PBXVariantGroup section */
		AFC6975E1CAC249F00E18C42 /* Main.storyboard */ = {
			isa = PBXVariantGroup;
			children = (
				AFC6975F1CAC249F00E18C42 /* Base */,
			);
			name = Main.storyboard;
			sourceTree = "<group>";
		};
		AFC697631CAC249F00E18C42 /* LaunchScreen.storyboard */ = {
			isa = PBXVariantGroup;
			children = (
				AFC697641CAC249F00E18C42 /* Base */,
			);
			name = LaunchScreen.storyboard;
			sourceTree = "<group>";
		};
/* End PBXVariantGroup section */

/* Begin XCBuildConfiguration section */
		AFC697671CAC249F00E18C42 /* Debug */ = {
			isa = XCBuildConfiguration;
			buildSettings = {
				ALWAYS_SEARCH_USER_PATHS = NO;
				CLANG_ANALYZER_NONNULL = YES;
				CLANG_CXX_LANGUAGE_STANDARD = "gnu++0x";
				CLANG_CXX_LIBRARY = "libc++";
				CLANG_ENABLE_MODULES = YES;
				CLANG_ENABLE_OBJC_ARC = YES;
				CLANG_WARN_BOOL_CONVERSION = YES;
				CLANG_WARN_CONSTANT_CONVERSION = YES;
				CLANG_WARN_DIRECT_OBJC_ISA_USAGE = YES_ERROR;
				CLANG_WARN_EMPTY_BODY = YES;
				CLANG_WARN_ENUM_CONVERSION = YES;
				CLANG_WARN_INT_CONVERSION = YES;
				CLANG_WARN_OBJC_ROOT_CLASS = YES_ERROR;
				CLANG_WARN_UNREACHABLE_CODE = YES;
				CLANG_WARN__DUPLICATE_METHOD_MATCH = YES;
				"CODE_SIGN_IDENTITY[sdk=iphoneos*]" = "iPhone Developer";
				COPY_PHASE_STRIP = NO;
				DEBUG_INFORMATION_FORMAT = dwarf;
				ENABLE_STRICT_OBJC_MSGSEND = YES;
				ENABLE_TESTABILITY = YES;
				GCC_C_LANGUAGE_STANDARD = gnu99;
				GCC_DYNAMIC_NO_PIC = NO;
				GCC_NO_COMMON_BLOCKS = YES;
				GCC_OPTIMIZATION_LEVEL = 0;
				GCC_PREPROCESSOR_DEFINITIONS = (
					"DEBUG=1",
					"$(inherited)",
				);
				GCC_WARN_64_TO_32_BIT_CONVERSION = YES;
				GCC_WARN_ABOUT_RETURN_TYPE = YES_ERROR;
				GCC_WARN_UNDECLARED_SELECTOR = YES;
				GCC_WARN_UNINITIALIZED_AUTOS = YES_AGGRESSIVE;
				GCC_WARN_UNUSED_FUNCTION = YES;
				GCC_WARN_UNUSED_VARIABLE = YES;
				IPHONEOS_DEPLOYMENT_TARGET = 9.3;
				MTL_ENABLE_DEBUG_INFO = YES;
				ONLY_ACTIVE_ARCH = YES;
				SDKROOT = iphoneos;
				TARGETED_DEVICE_FAMILY = "1,2";
			};
			name = Debug;
		};
		AFC697681CAC249F00E18C42 /* Release */ = {
			isa = XCBuildConfiguration;
			buildSettings = {
				ALWAYS_SEARCH_USER_PATHS = NO;
				CLANG_ANALYZER_NONNULL = YES;
				CLANG_CXX_LANGUAGE_STANDARD = "gnu++0x";
				CLANG_CXX_LIBRARY = "libc++";
				CLANG_ENABLE_MODULES = YES;
				CLANG_ENABLE_OBJC_ARC = YES;
				CLANG_WARN_BOOL_CONVERSION = YES;
				CLANG_WARN_CONSTANT_CONVERSION = YES;
				CLANG_WARN_DIRECT_OBJC_ISA_USAGE = YES_ERROR;
				CLANG_WARN_EMPTY_BODY = YES;
				CLANG_WARN_ENUM_CONVERSION = YES;
				CLANG_WARN_INT_CONVERSION = YES;
				CLANG_WARN_OBJC_ROOT_CLASS = YES_ERROR;
				CLANG_WARN_UNREACHABLE_CODE = YES;
				CLANG_WARN__DUPLICATE_METHOD_MATCH = YES;
				"CODE_SIGN_IDENTITY[sdk=iphoneos*]" = "iPhone Developer";
				COPY_PHASE_STRIP = NO;
				DEBUG_INFORMATION_FORMAT = "dwarf-with-dsym";
				ENABLE_NS_ASSERTIONS = NO;
				ENABLE_STRICT_OBJC_MSGSEND = YES;
				GCC_C_LANGUAGE_STANDARD = gnu99;
				GCC_NO_COMMON_BLOCKS = YES;
				GCC_WARN_64_TO_32_BIT_CONVERSION = YES;
				GCC_WARN_ABOUT_RETURN_TYPE = YES_ERROR;
				GCC_WARN_UNDECLARED_SELECTOR = YES;
				GCC_WARN_UNINITIALIZED_AUTOS = YES_AGGRESSIVE;
				GCC_WARN_UNUSED_FUNCTION = YES;
				GCC_WARN_UNUSED_VARIABLE = YES;
				IPHONEOS_DEPLOYMENT_TARGET = 9.3;
				MTL_ENABLE_DEBUG_INFO = NO;
				SDKROOT = iphoneos;
				TARGETED_DEVICE_FAMILY = "1,2";
				VALIDATE_PRODUCT = YES;
			};
			name = Release;
		};
		AFC6976A1CAC249F00E18C42 /* Debug */ = {
			isa = XCBuildConfiguration;
			buildSettings = {
				ASSETCATALOG_COMPILER_APPICON_NAME = AppIcon;
				INFOPLIST_FILE = MultipleStoryboards/Info.plist;
				LD_RUNPATH_SEARCH_PATHS = "$(inherited) @executable_path/Frameworks";
				PRODUCT_BUNDLE_IDENTIFIER = com.laceyvu.MultipleStoryboards;
				PRODUCT_NAME = "$(TARGET_NAME)";
			};
			name = Debug;
		};
		AFC6976B1CAC249F00E18C42 /* Release */ = {
			isa = XCBuildConfiguration;
			buildSettings = {
				ASSETCATALOG_COMPILER_APPICON_NAME = AppIcon;
				INFOPLIST_FILE = MultipleStoryboards/Info.plist;
				LD_RUNPATH_SEARCH_PATHS = "$(inherited) @executable_path/Frameworks";
				PRODUCT_BUNDLE_IDENTIFIER = com.laceyvu.MultipleStoryboards;
				PRODUCT_NAME = "$(TARGET_NAME)";
			};
			name = Release;
		};
/* End XCBuildConfiguration section */

/* Begin XCConfigurationList section */
		AFC6974D1CAC249F00E18C42 /* Build configuration list for PBXProject "MultipleStoryboards" */ = {
			isa = XCConfigurationList;
			buildConfigurations = (
				AFC697671CAC249F00E18C42 /* Debug */,
				AFC697681CAC249F00E18C42 /* Release */,
			);
			defaultConfigurationIsVisible = 0;
			defaultConfigurationName = Release;
		};
		AFC697691CAC249F00E18C42 /* Build configuration list for PBXNativeTarget "MultipleStoryboards" */ = {
			isa = XCConfigurationList;
			buildConfigurations = (
				AFC6976A1CAC249F00E18C42 /* Debug */,
				AFC6976B1CAC249F00E18C42 /* Release */,
			);
			defaultConfigurationIsVisible = 0;
		};
/* End XCConfigurationList section */
	};
	rootObject = AFC6974A1CAC249F00E18C42 /* Project object */;
}
